{
  "name": "testpackage",
  "version": "1.0.0",
  "lockfileVersion": 3,
  "requires": true,
  "packages": {
    "": {
      "name": "testpackage",
      "version": "1.0.0",
      "license": "ISC",
      "dependencies": {
        "mytool-51420": "^1.0.0"
      }
    },
    "node_modules/mytool-51420": {
      "version": "1.1.0",
      "resolved": "https://registry.npmjs.org/mytool-51420/-/mytool-51420-1.1.0.tgz",
      "integrity": "sha512-TPg+qHQTXeAXG+Hvq00cgOVxdaAnvQ7NsSjS55FJQE1+A21ceo4oVlZWmYN/E0jg0iYRq2a1KA8axoqVO2dPhQ=="
    }
  }
}
